
Microsoft Visual Studio Solution File, Format Version 12.00
# Visual Studio Version 17
VisualStudioVersion = 17.0.31912.275
MinimumVisualStudioVersion = 10.0.40219.1
Project("{FAE04EC0-301F-11D3-BF4B-00C04F79EFBC}") = "LocalDatabaseTutorial.Android", "LocalDatabaseTutorial\LocalDatabaseTutorial.Android\LocalDatabaseTutorial.Android.csproj", "{42C9216A-E7D4-4CA5-BEA7-D21792684A8E}"
EndProject
Project("{FAE04EC0-301F-11D3-BF4B-00C04F79EFBC}") = "LocalDatabaseTutorial.iOS", "LocalDatabaseTutorial\LocalDatabaseTutorial.iOS\LocalDatabaseTutorial.iOS.csproj", "{B0A8D174-406D-4BE2-A764-8C43278C24DE}"
EndProject
Project("{FAE04EC0-301F-11D3-BF4B-00C04F79EFBC}") = "LocalDatabaseTutorial", "LocalDatabaseTutorial\LocalDatabaseTutorial\LocalDatabaseTutorial.csproj", "{BAC912A3-A2BC-4873-B689-E76B16CF8CB7}"
EndProject
Global
	GlobalSection(SolutionConfigurationPlatforms) = preSolution
		Debug|Any CPU = Debug|Any CPU
		Debug|iPhone = Debug|iPhone
		Debug|iPhoneSimulator = Debug|iPhoneSimulator
		Release|Any CPU = Release|Any CPU
		Release|iPhone = Release|iPhone
		Release|iPhoneSimulator = Release|iPhoneSimulator
	EndGlobalSection
	GlobalSection(ProjectConfigurationPlatforms) = postSolution
		{42C9216A-E7D4-4CA5-BEA7-D21792684A8E}.Debug|Any CPU.ActiveCfg = Debug|Any CPU
		{42C9216A-E7D4-4CA5-BEA7-D21792684A8E}.Debug|Any CPU.Build.0 = Debug|Any CPU
		{42C9216A-E7D4-4CA5-BEA7-D21792684A8E}.Debug|Any CPU.Deploy.0 = Debug|Any CPU
		{42C9216A-E7D4-4CA5-BEA7-D21792684A8E}.Debug|iPhone.ActiveCfg = Debug|Any CPU
		{42C9216A-E7D4-4CA5-BEA7-D21792684A8E}.Debug|iPhone.Build.0 = Debug|Any CPU
		{42C9216A-E7D4-4CA5-BEA7-D21792684A8E}.Debug|iPhone.Deploy.0 = Debug|Any CPU
		{42C9216A-E7D4-4CA5-BEA7-D21792684A8E}.Debug|iPhoneSimulator.ActiveCfg = Debug|Any CPU
		{42C9216A-E7D4-4CA5-BEA7-D21792684A8E}.Debug|iPhoneSimulator.Build.0 = Debug|Any CPU
		{42C9216A-E7D4-4CA5-BEA7-D21792684A8E}.Debug|iPhoneSimulator.Deploy.0 = Debug|Any CPU
		{42C9216A-E7D4-4CA5-BEA7-D21792684A8E}.Release|Any CPU.ActiveCfg = Release|Any CPU
		{42C9216A-E7D4-4CA5-BEA7-D21792684A8E}.Release|Any CPU.Build.0 = Release|Any CPU
		{42C9216A-E7D4-4CA5-BEA7-D21792684A8E}.Release|Any CPU.Deploy.0 = Release|Any CPU
		{42C9216A-E7D4-4CA5-BEA7-D21792684A8E}.Release|iPhone.ActiveCfg = Release|Any CPU
		{42C9216A-E7D4-4CA5-BEA7-D21792684A8E}.Release|iPhone.Build.0 = Release|Any CPU
		{42C9216A-E7D4-4CA5-BEA7-D21792684A8E}.Release|iPhone.Deploy.0 = Release|Any CPU
		{42C9216A-E7D4-4CA5-BEA7-D21792684A8E}.Release|iPhoneSimulator.ActiveCfg = Release|Any CPU
		{42C9216A-E7D4-4CA5-BEA7-D21792684A8E}.Release|iPhoneSimulator.Build.0 = Release|Any CPU
		{42C9216A-E7D4-4CA5-BEA7-D21792684A8E}.Release|iPhoneSimulator.Deploy.0 = Release|Any CPU
		{B0A8D174-406D-4BE2-A764-8C43278C24DE}.Debug|Any CPU.ActiveCfg = Debug|iPhone
		{B0A8D174-406D-4BE2-A764-8C43278C24DE}.Debug|Any CPU.Build.0 = Debug|iPhone
		{B0A8D174-406D-4BE2-A764-8C43278C24DE}.Debug|Any CPU.Deploy.0 = Debug|iPhone
		{B0A8D174-406D-4BE2-A764-8C43278C24DE}.Debug|iPhone.ActiveCfg = Debug|iPhone
		{B0A8D174-406D-4BE2-A764-8C43278C24DE}.Debug|iPhone.Build.0 = Debug|iPhone
		{B0A8D174-406D-4BE2-A764-8C43278C24DE}.Debug|iPhone.Deploy.0 = Debug|iPhone
		{B0A8D174-406D-4BE2-A764-8C43278C24DE}.Debug|iPhoneSimulator.ActiveCfg = Debug|iPhoneSimulator
		{B0A8D174-406D-4BE2-A764-8C43278C24DE}.Debug|iPhoneSimulator.Build.0 = Debug|iPhoneSimulator
		{B0A8D174-406D-4BE2-A764-8C43278C24DE}.Debug|iPhoneSimulator.Deploy.0 = Debug|iPhoneSimulator
		{B0A8D174-406D-4BE2-A764-8C43278C24DE}.Release|Any CPU.ActiveCfg = Release|iPhoneSimulator
		{B0A8D174-406D-4BE2-A764-8C43278C24DE}.Release|Any CPU.Build.0 = Release|iPhoneSimulator
		{B0A8D174-406D-4BE2-A764-8C43278C24DE}.Release|Any CPU.Deploy.0 = Release|iPhoneSimulator
		{B0A8D174-406D-4BE2-A764-8C43278C24DE}.Release|iPhone.ActiveCfg = Release|iPhone
		{B0A8D174-406D-4BE2-A764-8C43278C24DE}.Release|iPhone.Build.0 = Release|iPhone
		{B0A8D174-406D-4BE2-A764-8C43278C24DE}.Release|iPhone.Deploy.0 = Release|iPhone
		{B0A8D174-406D-4BE2-A764-8C43278C24DE}.Release|iPhoneSimulator.ActiveCfg = Release|iPhoneSimulator
		{B0A8D174-406D-4BE2-A764-8C43278C24DE}.Release|iPhoneSimulator.Build.0 = Release|iPhoneSimulator
		{B0A8D174-406D-4BE2-A764-8C43278C24DE}.Release|iPhoneSimulator.Deploy.0 = Release|iPhoneSimulator
		{BAC912A3-A2BC-4873-B689-E76B16CF8CB7}.Debug|Any CPU.ActiveCfg = Debug|Any CPU
		{BAC912A3-A2BC-4873-B689-E76B16CF8CB7}.Debug|Any CPU.Build.0 = Debug|Any CPU
		{BAC912A3-A2BC-4873-B689-E76B16CF8CB7}.Debug|Any CPU.Deploy.0 = Debug|Any CPU
		{BAC912A3-A2BC-4873-B689-E76B16CF8CB7}.Debug|iPhone.ActiveCfg = Debug|Any CPU
		{BAC912A3-A2BC-4873-B689-E76B16CF8CB7}.Debug|iPhone.Build.0 = Debug|Any CPU
		{BAC912A3-A2BC-4873-B689-E76B16CF8CB7}.Debug|iPhone.Deploy.0 = Debug|Any CPU
		{BAC912A3-A2BC-4873-B689-E76B16CF8CB7}.Debug|iPhoneSimulator.ActiveCfg = Debug|Any CPU
		{BAC912A3-A2BC-4873-B689-E76B16CF8CB7}.Debug|iPhoneSimulator.Build.0 = Debug|Any CPU
		{BAC912A3-A2BC-4873-B689-E76B16CF8CB7}.Debug|iPhoneSimulator.Deploy.0 = Debug|Any CPU
		{BAC912A3-A2BC-4873-B689-E76B16CF8CB7}.Release|Any CPU.ActiveCfg = Release|Any CPU
		{BAC912A3-A2BC-4873-B689-E76B16CF8CB7}.Release|Any CPU.Build.0 = Release|Any CPU
		{BAC912A3-A2BC-4873-B689-E76B16CF8CB7}.Release|Any CPU.Deploy.0 = Release|Any CPU
		{BAC912A3-A2BC-4873-B689-E76B16CF8CB7}.Release|iPhone.ActiveCfg = Release|Any CPU
		{BAC912A3-A2BC-4873-B689-E76B16CF8CB7}.Release|iPhone.Build.0 = Release|Any CPU
		{BAC912A3-A2BC-4873-B689-E76B16CF8CB7}.Release|iPhone.Deploy.0 = Release|Any CPU
		{BAC912A3-A2BC-4873-B689-E76B16CF8CB7}.Release|iPhoneSimulator.ActiveCfg = Release|Any CPU
		{BAC912A3-A2BC-4873-B689-E76B16CF8CB7}.Release|iPhoneSimulator.Build.0 = Release|Any CPU
		{BAC912A3-A2BC-4873-B689-E76B16CF8CB7}.Release|iPhoneSimulator.Deploy.0 = Release|Any CPU
	EndGlobalSection
	GlobalSection(SolutionProperties) = preSolution
		HideSolutionNode = FALSE
	EndGlobalSection
	GlobalSection(ExtensibilityGlobals) = postSolution
		SolutionGuid = {B5F1E07A-63DF-480D-A2BD-660009D1240A}
	EndGlobalSection
EndGlobal
